
Microsoft Visual Studio Solution File, Format Version 12.00
# Visual Studio Version 16
VisualStudioVersion = 16.0.29709.97
MinimumVisualStudioVersion = 15.0.26124.0
Project("{9A19103F-16F7-4668-BE54-9A1E7A4F7556}") = "ItWasted.Day.Domain", "ItWasted.Day.Domain\ItWasted.Day.Domain.csproj", "{06A32566-1655-4BAE-840D-DF93ABA835D5}"
EndProject
Project("{9A19103F-16F7-4668-BE54-9A1E7A4F7556}") = "ItWasted.Day.Api", "ItWasted.Day.Api\ItWasted.Day.Api.csproj", "{62BA0A87-933E-4830-9E8A-EAE05E8C0A2B}"
EndProject
Project("{9A19103F-16F7-4668-BE54-9A1E7A4F7556}") = "ViennaNET.WebApi.Runners.BaseKestrel", "..\Infrastructure\ViennaNET.WebApi.Runners.BaseKestrel\ViennaNET.WebApi.Runners.BaseKestrel.csproj", "{58D3B1C2-7620-4A09-97D3-B5B02C844A04}"
EndProject
Project("{2150E333-8FDC-42A3-9474-1A3956D46DE8}") = "Infrastructure", "Infrastructure", "{570C188A-5C53-4CE5-B82C-72E8D6C2F736}"
EndProject
Project("{9A19103F-16F7-4668-BE54-9A1E7A4F7556}") = "ViennaNET.Diagnostic", "..\Infrastructure\ViennaNET.Diagnostic\ViennaNET.Diagnostic.csproj", "{E9F6EECA-2C03-4EAD-AA7A-F25ACF02D1C2}"
EndProject
Project("{9A19103F-16F7-4668-BE54-9A1E7A4F7556}") = "ViennaNET.HttpClient", "..\Infrastructure\ViennaNET.HttpClient\ViennaNET.HttpClient.csproj", "{5AF81C72-C54A-418F-929C-0C857ED6D547}"
EndProject
Project("{9A19103F-16F7-4668-BE54-9A1E7A4F7556}") = "ViennaNET.Logging", "..\Infrastructure\ViennaNET.Logging\ViennaNET.Logging.csproj", "{5EA14C4E-944E-4B30-8955-6062B5090D94}"
EndProject
Project("{9A19103F-16F7-4668-BE54-9A1E7A4F7556}") = "ViennaNET.Security", "..\Infrastructure\ViennaNET.Security\ViennaNET.Security.csproj", "{A2B907CC-E254-478C-9D5C-514CA996A36C}"
EndProject
Project("{9A19103F-16F7-4668-BE54-9A1E7A4F7556}") = "ViennaNET.Security.Jwt", "..\Infrastructure\ViennaNET.Security.Jwt\ViennaNET.Security.Jwt.csproj", "{A6F1A7AC-1D3E-4D17-A7BA-8A337D1A9BEE}"
EndProject
Project("{9A19103F-16F7-4668-BE54-9A1E7A4F7556}") = "ViennaNET.Utils", "..\Infrastructure\ViennaNET.Utils\ViennaNET.Utils.csproj", "{A9A1406B-BF26-4F9D-9B18-39BB0AD61CE3}"
EndProject
Project("{9A19103F-16F7-4668-BE54-9A1E7A4F7556}") = "ViennaNET.Validation", "..\Infrastructure\ViennaNET.Validation\ViennaNET.Validation.csproj", "{9CFC79DB-F39F-4D38-8904-4927BDE6CA77}"
EndProject
Project("{9A19103F-16F7-4668-BE54-9A1E7A4F7556}") = "ViennaNET.WebApi", "..\Infrastructure\ViennaNET.WebApi\ViennaNET.WebApi.csproj", "{1627EE33-9BDD-456E-B719-A018B7867222}"
EndProject
Project("{9A19103F-16F7-4668-BE54-9A1E7A4F7556}") = "ViennaNET.WebApi.Abstractions", "..\Infrastructure\ViennaNET.WebApi.Abstractions\ViennaNET.WebApi.Abstractions.csproj", "{BD5A968B-B54E-4AC6-A983-B4A2A3A6873F}"
EndProject
Project("{9A19103F-16F7-4668-BE54-9A1E7A4F7556}") = "ViennaNET.WebApi.Configurators.Common", "..\Infrastructure\ViennaNET.WebApi.Configurators.Common\ViennaNET.WebApi.Configurators.Common.csproj", "{750B1FFF-51AE-416E-A54D-6A9BD8D68055}"
EndProject
Project("{9A19103F-16F7-4668-BE54-9A1E7A4F7556}") = "ViennaNET.WebApi.Configurators.Diagnostic", "..\Infrastructure\ViennaNET.WebApi.Configurators.Diagnostic\ViennaNET.WebApi.Configurators.Diagnostic.csproj", "{87D3ADFB-A731-4CA8-9126-9920CDB4D1CB}"
EndProject
Project("{9A19103F-16F7-4668-BE54-9A1E7A4F7556}") = "ViennaNET.WebApi.Configurators.HttpClients.Abstractions", "..\Infrastructure\ViennaNET.WebApi.Configurators.HttpClients.Abstractions\ViennaNET.WebApi.Configurators.HttpClients.Abstractions.csproj", "{338E802E-3AC0-4A3D-8B0E-4D83E8DBDB48}"
EndProject
Project("{9A19103F-16F7-4668-BE54-9A1E7A4F7556}") = "ViennaNET.WebApi.Configurators.HttpClients.Jwt", "..\Infrastructure\ViennaNET.WebApi.Configurators.HttpClients.Jwt\ViennaNET.WebApi.Configurators.HttpClients.Jwt.csproj", "{4A1E20D7-AC84-4012-AB03-CA09126E47F9}"
EndProject
Project("{9A19103F-16F7-4668-BE54-9A1E7A4F7556}") = "ViennaNET.WebApi.Configurators.Kestrel", "..\Infrastructure\ViennaNET.WebApi.Configurators.Kestrel\ViennaNET.WebApi.Configurators.Kestrel.csproj", "{4A5FE1B1-616E-46B2-9555-57C3C8D268CB}"
EndProject
Project("{9A19103F-16F7-4668-BE54-9A1E7A4F7556}") = "ViennaNET.WebApi.Configurators.Security.Jwt", "..\Infrastructure\ViennaNET.WebApi.Configurators.Security.Jwt\ViennaNET.WebApi.Configurators.Security.Jwt.csproj", "{4F36064D-5323-4B3C-B2CE-1441A7820349}"
EndProject
Project("{9A19103F-16F7-4668-BE54-9A1E7A4F7556}") = "ViennaNET.WebApi.Configurators.SimpleInjector", "..\Infrastructure\ViennaNET.WebApi.Configurators.SimpleInjector\ViennaNET.WebApi.Configurators.SimpleInjector.csproj", "{922726DF-EAB8-476C-98AC-1D0D1DFAB3BE}"
EndProject
Project("{9A19103F-16F7-4668-BE54-9A1E7A4F7556}") = "ViennaNET.WebApi.Configurators.Swagger", "..\Infrastructure\ViennaNET.WebApi.Configurators.Swagger\ViennaNET.WebApi.Configurators.Swagger.csproj", "{BE46F3A3-0B8C-4379-83EC-94CFD20CFE7F}"
EndProject
Project("{9A19103F-16F7-4668-BE54-9A1E7A4F7556}") = "ViennaNET.WebApi.Net", "..\Infrastructure\ViennaNET.WebApi.Net\ViennaNET.WebApi.Net.csproj", "{705637C4-9E55-4EA0-A309-8BA0AAF49A87}"
EndProject
Project("{9A19103F-16F7-4668-BE54-9A1E7A4F7556}") = "ViennaNET.WebApi.Runners.Extensions", "..\Infrastructure\ViennaNET.WebApi.Runners.Extensions\ViennaNET.WebApi.Runners.Extensions.csproj", "{242F953E-5B16-4A32-A74D-AAC54833FC2B}"
EndProject
Project("{9A19103F-16F7-4668-BE54-9A1E7A4F7556}") = "ViennaNET.WebApi.WindowsHosting", "..\Infrastructure\ViennaNET.WebApi.WindowsHosting\ViennaNET.WebApi.WindowsHosting.csproj", "{5CAF24E0-C93F-4EB9-93AE-F271608C82FD}"
EndProject
Project("{9A19103F-16F7-4668-BE54-9A1E7A4F7556}") = "ViennaNET.WebApi.Configurators.Swagger.UiJwtAuth", "..\Infrastructure\ViennaNET.WebApi.Configurators.Swagger.UiJwtAuth\ViennaNET.WebApi.Configurators.Swagger.UiJwtAuth.csproj", "{2B3D3008-7CBD-486B-8FA7-48AF0E2BBE55}"
EndProject
Global
	GlobalSection(SolutionConfigurationPlatforms) = preSolution
		Debug|Any CPU = Debug|Any CPU
		Debug|x64 = Debug|x64
		Debug|x86 = Debug|x86
		Release|Any CPU = Release|Any CPU
		Release|x64 = Release|x64
		Release|x86 = Release|x86
	EndGlobalSection
	GlobalSection(ProjectConfigurationPlatforms) = postSolution
		{06A32566-1655-4BAE-840D-DF93ABA835D5}.Debug|Any CPU.ActiveCfg = Debug|Any CPU
		{06A32566-1655-4BAE-840D-DF93ABA835D5}.Debug|Any CPU.Build.0 = Debug|Any CPU
		{06A32566-1655-4BAE-840D-DF93ABA835D5}.Debug|x64.ActiveCfg = Debug|Any CPU
		{06A32566-1655-4BAE-840D-DF93ABA835D5}.Debug|x64.Build.0 = Debug|Any CPU
		{06A32566-1655-4BAE-840D-DF93ABA835D5}.Debug|x86.ActiveCfg = Debug|Any CPU
		{06A32566-1655-4BAE-840D-DF93ABA835D5}.Debug|x86.Build.0 = Debug|Any CPU
		{06A32566-1655-4BAE-840D-DF93ABA835D5}.Release|Any CPU.ActiveCfg = Release|Any CPU
		{06A32566-1655-4BAE-840D-DF93ABA835D5}.Release|Any CPU.Build.0 = Release|Any CPU
		{06A32566-1655-4BAE-840D-DF93ABA835D5}.Release|x64.ActiveCfg = Release|Any CPU
		{06A32566-1655-4BAE-840D-DF93ABA835D5}.Release|x64.Build.0 = Release|Any CPU
		{06A32566-1655-4BAE-840D-DF93ABA835D5}.Release|x86.ActiveCfg = Release|Any CPU
		{06A32566-1655-4BAE-840D-DF93ABA835D5}.Release|x86.Build.0 = Release|Any CPU
		{62BA0A87-933E-4830-9E8A-EAE05E8C0A2B}.Debug|Any CPU.ActiveCfg = Debug|Any CPU
		{62BA0A87-933E-4830-9E8A-EAE05E8C0A2B}.Debug|Any CPU.Build.0 = Debug|Any CPU
		{62BA0A87-933E-4830-9E8A-EAE05E8C0A2B}.Debug|x64.ActiveCfg = Debug|Any CPU
		{62BA0A87-933E-4830-9E8A-EAE05E8C0A2B}.Debug|x64.Build.0 = Debug|Any CPU
		{62BA0A87-933E-4830-9E8A-EAE05E8C0A2B}.Debug|x86.ActiveCfg = Debug|Any CPU
		{62BA0A87-933E-4830-9E8A-EAE05E8C0A2B}.Debug|x86.Build.0 = Debug|Any CPU
		{62BA0A87-933E-4830-9E8A-EAE05E8C0A2B}.Release|Any CPU.ActiveCfg = Release|Any CPU
		{62BA0A87-933E-4830-9E8A-EAE05E8C0A2B}.Release|Any CPU.Build.0 = Release|Any CPU
		{62BA0A87-933E-4830-9E8A-EAE05E8C0A2B}.Release|x64.ActiveCfg = Release|Any CPU
		{62BA0A87-933E-4830-9E8A-EAE05E8C0A2B}.Release|x64.Build.0 = Release|Any CPU
		{62BA0A87-933E-4830-9E8A-EAE05E8C0A2B}.Release|x86.ActiveCfg = Release|Any CPU
		{62BA0A87-933E-4830-9E8A-EAE05E8C0A2B}.Release|x86.Build.0 = Release|Any CPU
		{58D3B1C2-7620-4A09-97D3-B5B02C844A04}.Debug|Any CPU.ActiveCfg = Debug|Any CPU
		{58D3B1C2-7620-4A09-97D3-B5B02C844A04}.Debug|Any CPU.Build.0 = Debug|Any CPU
		{58D3B1C2-7620-4A09-97D3-B5B02C844A04}.Debug|x64.ActiveCfg = Debug|Any CPU
		{58D3B1C2-7620-4A09-97D3-B5B02C844A04}.Debug|x64.Build.0 = Debug|Any CPU
		{58D3B1C2-7620-4A09-97D3-B5B02C844A04}.Debug|x86.ActiveCfg = Debug|Any CPU
		{58D3B1C2-7620-4A09-97D3-B5B02C844A04}.Debug|x86.Build.0 = Debug|Any CPU
		{58D3B1C2-7620-4A09-97D3-B5B02C844A04}.Release|Any CPU.ActiveCfg = Release|Any CPU
		{58D3B1C2-7620-4A09-97D3-B5B02C844A04}.Release|Any CPU.Build.0 = Release|Any CPU
		{58D3B1C2-7620-4A09-97D3-B5B02C844A04}.Release|x64.ActiveCfg = Release|Any CPU
		{58D3B1C2-7620-4A09-97D3-B5B02C844A04}.Release|x64.Build.0 = Release|Any CPU
		{58D3B1C2-7620-4A09-97D3-B5B02C844A04}.Release|x86.ActiveCfg = Release|Any CPU
		{58D3B1C2-7620-4A09-97D3-B5B02C844A04}.Release|x86.Build.0 = Release|Any CPU
		{E9F6EECA-2C03-4EAD-AA7A-F25ACF02D1C2}.Debug|Any CPU.ActiveCfg = Debug|Any CPU
		{E9F6EECA-2C03-4EAD-AA7A-F25ACF02D1C2}.Debug|Any CPU.Build.0 = Debug|Any CPU
		{E9F6EECA-2C03-4EAD-AA7A-F25ACF02D1C2}.Debug|x64.ActiveCfg = Debug|Any CPU
		{E9F6EECA-2C03-4EAD-AA7A-F25ACF02D1C2}.Debug|x64.Build.0 = Debug|Any CPU
		{E9F6EECA-2C03-4EAD-AA7A-F25ACF02D1C2}.Debug|x86.ActiveCfg = Debug|Any CPU
		{E9F6EECA-2C03-4EAD-AA7A-F25ACF02D1C2}.Debug|x86.Build.0 = Debug|Any CPU
		{E9F6EECA-2C03-4EAD-AA7A-F25ACF02D1C2}.Release|Any CPU.ActiveCfg = Release|Any CPU
		{E9F6EECA-2C03-4EAD-AA7A-F25ACF02D1C2}.Release|Any CPU.Build.0 = Release|Any CPU
		{E9F6EECA-2C03-4EAD-AA7A-F25ACF02D1C2}.Release|x64.ActiveCfg = Release|Any CPU
		{E9F6EECA-2C03-4EAD-AA7A-F25ACF02D1C2}.Release|x64.Build.0 = Release|Any CPU
		{E9F6EECA-2C03-4EAD-AA7A-F25ACF02D1C2}.Release|x86.ActiveCfg = Release|Any CPU
		{E9F6EECA-2C03-4EAD-AA7A-F25ACF02D1C2}.Release|x86.Build.0 = Release|Any CPU
		{5AF81C72-C54A-418F-929C-0C857ED6D547}.Debug|Any CPU.ActiveCfg = Debug|Any CPU
		{5AF81C72-C54A-418F-929C-0C857ED6D547}.Debug|Any CPU.Build.0 = Debug|Any CPU
		{5AF81C72-C54A-418F-929C-0C857ED6D547}.Debug|x64.ActiveCfg = Debug|Any CPU
		{5AF81C72-C54A-418F-929C-0C857ED6D547}.Debug|x64.Build.0 = Debug|Any CPU
		{5AF81C72-C54A-418F-929C-0C857ED6D547}.Debug|x86.ActiveCfg = Debug|Any CPU
		{5AF81C72-C54A-418F-929C-0C857ED6D547}.Debug|x86.Build.0 = Debug|Any CPU
		{5AF81C72-C54A-418F-929C-0C857ED6D547}.Release|Any CPU.ActiveCfg = Release|Any CPU
		{5AF81C72-C54A-418F-929C-0C857ED6D547}.Release|Any CPU.Build.0 = Release|Any CPU
		{5AF81C72-C54A-418F-929C-0C857ED6D547}.Release|x64.ActiveCfg = Release|Any CPU
		{5AF81C72-C54A-418F-929C-0C857ED6D547}.Release|x64.Build.0 = Release|Any CPU
		{5AF81C72-C54A-418F-929C-0C857ED6D547}.Release|x86.ActiveCfg = Release|Any CPU
		{5AF81C72-C54A-418F-929C-0C857ED6D547}.Release|x86.Build.0 = Release|Any CPU
		{5EA14C4E-944E-4B30-8955-6062B5090D94}.Debug|Any CPU.ActiveCfg = Debug|Any CPU
		{5EA14C4E-944E-4B30-8955-6062B5090D94}.Debug|Any CPU.Build.0 = Debug|Any CPU
		{5EA14C4E-944E-4B30-8955-6062B5090D94}.Debug|x64.ActiveCfg = Debug|Any CPU
		{5EA14C4E-944E-4B30-8955-6062B5090D94}.Debug|x64.Build.0 = Debug|Any CPU
		{5EA14C4E-944E-4B30-8955-6062B5090D94}.Debug|x86.ActiveCfg = Debug|Any CPU
		{5EA14C4E-944E-4B30-8955-6062B5090D94}.Debug|x86.Build.0 = Debug|Any CPU
		{5EA14C4E-944E-4B30-8955-6062B5090D94}.Release|Any CPU.ActiveCfg = Release|Any CPU
		{5EA14C4E-944E-4B30-8955-6062B5090D94}.Release|Any CPU.Build.0 = Release|Any CPU
		{5EA14C4E-944E-4B30-8955-6062B5090D94}.Release|x64.ActiveCfg = Release|Any CPU
		{5EA14C4E-944E-4B30-8955-6062B5090D94}.Release|x64.Build.0 = Release|Any CPU
		{5EA14C4E-944E-4B30-8955-6062B5090D94}.Release|x86.ActiveCfg = Release|Any CPU
		{5EA14C4E-944E-4B30-8955-6062B5090D94}.Release|x86.Build.0 = Release|Any CPU
		{A2B907CC-E254-478C-9D5C-514CA996A36C}.Debug|Any CPU.ActiveCfg = Debug|Any CPU
		{A2B907CC-E254-478C-9D5C-514CA996A36C}.Debug|Any CPU.Build.0 = Debug|Any CPU
		{A2B907CC-E254-478C-9D5C-514CA996A36C}.Debug|x64.ActiveCfg = Debug|Any CPU
		{A2B907CC-E254-478C-9D5C-514CA996A36C}.Debug|x64.Build.0 = Debug|Any CPU
		{A2B907CC-E254-478C-9D5C-514CA996A36C}.Debug|x86.ActiveCfg = Debug|Any CPU
		{A2B907CC-E254-478C-9D5C-514CA996A36C}.Debug|x86.Build.0 = Debug|Any CPU
		{A2B907CC-E254-478C-9D5C-514CA996A36C}.Release|Any CPU.ActiveCfg = Release|Any CPU
		{A2B907CC-E254-478C-9D5C-514CA996A36C}.Release|Any CPU.Build.0 = Release|Any CPU
		{A2B907CC-E254-478C-9D5C-514CA996A36C}.Release|x64.ActiveCfg = Release|Any CPU
		{A2B907CC-E254-478C-9D5C-514CA996A36C}.Release|x64.Build.0 = Release|Any CPU
		{A2B907CC-E254-478C-9D5C-514CA996A36C}.Release|x86.ActiveCfg = Release|Any CPU
		{A2B907CC-E254-478C-9D5C-514CA996A36C}.Release|x86.Build.0 = Release|Any CPU
		{A6F1A7AC-1D3E-4D17-A7BA-8A337D1A9BEE}.Debug|Any CPU.ActiveCfg = Debug|Any CPU
		{A6F1A7AC-1D3E-4D17-A7BA-8A337D1A9BEE}.Debug|Any CPU.Build.0 = Debug|Any CPU
		{A6F1A7AC-1D3E-4D17-A7BA-8A337D1A9BEE}.Debug|x64.ActiveCfg = Debug|Any CPU
		{A6F1A7AC-1D3E-4D17-A7BA-8A337D1A9BEE}.Debug|x64.Build.0 = Debug|Any CPU
		{A6F1A7AC-1D3E-4D17-A7BA-8A337D1A9BEE}.Debug|x86.ActiveCfg = Debug|Any CPU
		{A6F1A7AC-1D3E-4D17-A7BA-8A337D1A9BEE}.Debug|x86.Build.0 = Debug|Any CPU
		{A6F1A7AC-1D3E-4D17-A7BA-8A337D1A9BEE}.Release|Any CPU.ActiveCfg = Release|Any CPU
		{A6F1A7AC-1D3E-4D17-A7BA-8A337D1A9BEE}.Release|Any CPU.Build.0 = Release|Any CPU
		{A6F1A7AC-1D3E-4D17-A7BA-8A337D1A9BEE}.Release|x64.ActiveCfg = Release|Any CPU
		{A6F1A7AC-1D3E-4D17-A7BA-8A337D1A9BEE}.Release|x64.Build.0 = Release|Any CPU
		{A6F1A7AC-1D3E-4D17-A7BA-8A337D1A9BEE}.Release|x86.ActiveCfg = Release|Any CPU
		{A6F1A7AC-1D3E-4D17-A7BA-8A337D1A9BEE}.Release|x86.Build.0 = Release|Any CPU
		{A9A1406B-BF26-4F9D-9B18-39BB0AD61CE3}.Debug|Any CPU.ActiveCfg = Debug|Any CPU
		{A9A1406B-BF26-4F9D-9B18-39BB0AD61CE3}.Debug|Any CPU.Build.0 = Debug|Any CPU
		{A9A1406B-BF26-4F9D-9B18-39BB0AD61CE3}.Debug|x64.ActiveCfg = Debug|Any CPU
		{A9A1406B-BF26-4F9D-9B18-39BB0AD61CE3}.Debug|x64.Build.0 = Debug|Any CPU
		{A9A1406B-BF26-4F9D-9B18-39BB0AD61CE3}.Debug|x86.ActiveCfg = Debug|Any CPU
		{A9A1406B-BF26-4F9D-9B18-39BB0AD61CE3}.Debug|x86.Build.0 = Debug|Any CPU
		{A9A1406B-BF26-4F9D-9B18-39BB0AD61CE3}.Release|Any CPU.ActiveCfg = Release|Any CPU
		{A9A1406B-BF26-4F9D-9B18-39BB0AD61CE3}.Release|Any CPU.Build.0 = Release|Any CPU
		{A9A1406B-BF26-4F9D-9B18-39BB0AD61CE3}.Release|x64.ActiveCfg = Release|Any CPU
		{A9A1406B-BF26-4F9D-9B18-39BB0AD61CE3}.Release|x64.Build.0 = Release|Any CPU
		{A9A1406B-BF26-4F9D-9B18-39BB0AD61CE3}.Release|x86.ActiveCfg = Release|Any CPU
		{A9A1406B-BF26-4F9D-9B18-39BB0AD61CE3}.Release|x86.Build.0 = Release|Any CPU
		{9CFC79DB-F39F-4D38-8904-4927BDE6CA77}.Debug|Any CPU.ActiveCfg = Debug|Any CPU
		{9CFC79DB-F39F-4D38-8904-4927BDE6CA77}.Debug|Any CPU.Build.0 = Debug|Any CPU
		{9CFC79DB-F39F-4D38-8904-4927BDE6CA77}.Debug|x64.ActiveCfg = Debug|Any CPU
		{9CFC79DB-F39F-4D38-8904-4927BDE6CA77}.Debug|x64.Build.0 = Debug|Any CPU
		{9CFC79DB-F39F-4D38-8904-4927BDE6CA77}.Debug|x86.ActiveCfg = Debug|Any CPU
		{9CFC79DB-F39F-4D38-8904-4927BDE6CA77}.Debug|x86.Build.0 = Debug|Any CPU
		{9CFC79DB-F39F-4D38-8904-4927BDE6CA77}.Release|Any CPU.ActiveCfg = Release|Any CPU
		{9CFC79DB-F39F-4D38-8904-4927BDE6CA77}.Release|Any CPU.Build.0 = Release|Any CPU
		{9CFC79DB-F39F-4D38-8904-4927BDE6CA77}.Release|x64.ActiveCfg = Release|Any CPU
		{9CFC79DB-F39F-4D38-8904-4927BDE6CA77}.Release|x64.Build.0 = Release|Any CPU
		{9CFC79DB-F39F-4D38-8904-4927BDE6CA77}.Release|x86.ActiveCfg = Release|Any CPU
		{9CFC79DB-F39F-4D38-8904-4927BDE6CA77}.Release|x86.Build.0 = Release|Any CPU
		{1627EE33-9BDD-456E-B719-A018B7867222}.Debug|Any CPU.ActiveCfg = Debug|Any CPU
		{1627EE33-9BDD-456E-B719-A018B7867222}.Debug|Any CPU.Build.0 = Debug|Any CPU
		{1627EE33-9BDD-456E-B719-A018B7867222}.Debug|x64.ActiveCfg = Debug|Any CPU
		{1627EE33-9BDD-456E-B719-A018B7867222}.Debug|x64.Build.0 = Debug|Any CPU
		{1627EE33-9BDD-456E-B719-A018B7867222}.Debug|x86.ActiveCfg = Debug|Any CPU
		{1627EE33-9BDD-456E-B719-A018B7867222}.Debug|x86.Build.0 = Debug|Any CPU
		{1627EE33-9BDD-456E-B719-A018B7867222}.Release|Any CPU.ActiveCfg = Release|Any CPU
		{1627EE33-9BDD-456E-B719-A018B7867222}.Release|Any CPU.Build.0 = Release|Any CPU
		{1627EE33-9BDD-456E-B719-A018B7867222}.Release|x64.ActiveCfg = Release|Any CPU
		{1627EE33-9BDD-456E-B719-A018B7867222}.Release|x64.Build.0 = Release|Any CPU
		{1627EE33-9BDD-456E-B719-A018B7867222}.Release|x86.ActiveCfg = Release|Any CPU
		{1627EE33-9BDD-456E-B719-A018B7867222}.Release|x86.Build.0 = Release|Any CPU
		{BD5A968B-B54E-4AC6-A983-B4A2A3A6873F}.Debug|Any CPU.ActiveCfg = Debug|Any CPU
		{BD5A968B-B54E-4AC6-A983-B4A2A3A6873F}.Debug|Any CPU.Build.0 = Debug|Any CPU
		{BD5A968B-B54E-4AC6-A983-B4A2A3A6873F}.Debug|x64.ActiveCfg = Debug|Any CPU
		{BD5A968B-B54E-4AC6-A983-B4A2A3A6873F}.Debug|x64.Build.0 = Debug|Any CPU
		{BD5A968B-B54E-4AC6-A983-B4A2A3A6873F}.Debug|x86.ActiveCfg = Debug|Any CPU
		{BD5A968B-B54E-4AC6-A983-B4A2A3A6873F}.Debug|x86.Build.0 = Debug|Any CPU
		{BD5A968B-B54E-4AC6-A983-B4A2A3A6873F}.Release|Any CPU.ActiveCfg = Release|Any CPU
		{BD5A968B-B54E-4AC6-A983-B4A2A3A6873F}.Release|Any CPU.Build.0 = Release|Any CPU
		{BD5A968B-B54E-4AC6-A983-B4A2A3A6873F}.Release|x64.ActiveCfg = Release|Any CPU
		{BD5A968B-B54E-4AC6-A983-B4A2A3A6873F}.Release|x64.Build.0 = Release|Any CPU
		{BD5A968B-B54E-4AC6-A983-B4A2A3A6873F}.Release|x86.ActiveCfg = Release|Any CPU
		{BD5A968B-B54E-4AC6-A983-B4A2A3A6873F}.Release|x86.Build.0 = Release|Any CPU
		{750B1FFF-51AE-416E-A54D-6A9BD8D68055}.Debug|Any CPU.ActiveCfg = Debug|Any CPU
		{750B1FFF-51AE-416E-A54D-6A9BD8D68055}.Debug|Any CPU.Build.0 = Debug|Any CPU
		{750B1FFF-51AE-416E-A54D-6A9BD8D68055}.Debug|x64.ActiveCfg = Debug|Any CPU
		{750B1FFF-51AE-416E-A54D-6A9BD8D68055}.Debug|x64.Build.0 = Debug|Any CPU
		{750B1FFF-51AE-416E-A54D-6A9BD8D68055}.Debug|x86.ActiveCfg = Debug|Any CPU
		{750B1FFF-51AE-416E-A54D-6A9BD8D68055}.Debug|x86.Build.0 = Debug|Any CPU
		{750B1FFF-51AE-416E-A54D-6A9BD8D68055}.Release|Any CPU.ActiveCfg = Release|Any CPU
		{750B1FFF-51AE-416E-A54D-6A9BD8D68055}.Release|Any CPU.Build.0 = Release|Any CPU
		{750B1FFF-51AE-416E-A54D-6A9BD8D68055}.Release|x64.ActiveCfg = Release|Any CPU
		{750B1FFF-51AE-416E-A54D-6A9BD8D68055}.Release|x64.Build.0 = Release|Any CPU
		{750B1FFF-51AE-416E-A54D-6A9BD8D68055}.Release|x86.ActiveCfg = Release|Any CPU
		{750B1FFF-51AE-416E-A54D-6A9BD8D68055}.Release|x86.Build.0 = Release|Any CPU
		{87D3ADFB-A731-4CA8-9126-9920CDB4D1CB}.Debug|Any CPU.ActiveCfg = Debug|Any CPU
		{87D3ADFB-A731-4CA8-9126-9920CDB4D1CB}.Debug|Any CPU.Build.0 = Debug|Any CPU
		{87D3ADFB-A731-4CA8-9126-9920CDB4D1CB}.Debug|x64.ActiveCfg = Debug|Any CPU
		{87D3ADFB-A731-4CA8-9126-9920CDB4D1CB}.Debug|x64.Build.0 = Debug|Any CPU
		{87D3ADFB-A731-4CA8-9126-9920CDB4D1CB}.Debug|x86.ActiveCfg = Debug|Any CPU
		{87D3ADFB-A731-4CA8-9126-9920CDB4D1CB}.Debug|x86.Build.0 = Debug|Any CPU
		{87D3ADFB-A731-4CA8-9126-9920CDB4D1CB}.Release|Any CPU.ActiveCfg = Release|Any CPU
		{87D3ADFB-A731-4CA8-9126-9920CDB4D1CB}.Release|Any CPU.Build.0 = Release|Any CPU
		{87D3ADFB-A731-4CA8-9126-9920CDB4D1CB}.Release|x64.ActiveCfg = Release|Any CPU
		{87D3ADFB-A731-4CA8-9126-9920CDB4D1CB}.Release|x64.Build.0 = Release|Any CPU
		{87D3ADFB-A731-4CA8-9126-9920CDB4D1CB}.Release|x86.ActiveCfg = Release|Any CPU
		{87D3ADFB-A731-4CA8-9126-9920CDB4D1CB}.Release|x86.Build.0 = Release|Any CPU
		{338E802E-3AC0-4A3D-8B0E-4D83E8DBDB48}.Debug|Any CPU.ActiveCfg = Debug|Any CPU
		{338E802E-3AC0-4A3D-8B0E-4D83E8DBDB48}.Debug|Any CPU.Build.0 = Debug|Any CPU
		{338E802E-3AC0-4A3D-8B0E-4D83E8DBDB48}.Debug|x64.ActiveCfg = Debug|Any CPU
		{338E802E-3AC0-4A3D-8B0E-4D83E8DBDB48}.Debug|x64.Build.0 = Debug|Any CPU
		{338E802E-3AC0-4A3D-8B0E-4D83E8DBDB48}.Debug|x86.ActiveCfg = Debug|Any CPU
		{338E802E-3AC0-4A3D-8B0E-4D83E8DBDB48}.Debug|x86.Build.0 = Debug|Any CPU
		{338E802E-3AC0-4A3D-8B0E-4D83E8DBDB48}.Release|Any CPU.ActiveCfg = Release|Any CPU
		{338E802E-3AC0-4A3D-8B0E-4D83E8DBDB48}.Release|Any CPU.Build.0 = Release|Any CPU
		{338E802E-3AC0-4A3D-8B0E-4D83E8DBDB48}.Release|x64.ActiveCfg = Release|Any CPU
		{338E802E-3AC0-4A3D-8B0E-4D83E8DBDB48}.Release|x64.Build.0 = Release|Any CPU
		{338E802E-3AC0-4A3D-8B0E-4D83E8DBDB48}.Release|x86.ActiveCfg = Release|Any CPU
		{338E802E-3AC0-4A3D-8B0E-4D83E8DBDB48}.Release|x86.Build.0 = Release|Any CPU
		{4A1E20D7-AC84-4012-AB03-CA09126E47F9}.Debug|Any CPU.ActiveCfg = Debug|Any CPU
		{4A1E20D7-AC84-4012-AB03-CA09126E47F9}.Debug|Any CPU.Build.0 = Debug|Any CPU
		{4A1E20D7-AC84-4012-AB03-CA09126E47F9}.Debug|x64.ActiveCfg = Debug|Any CPU
		{4A1E20D7-AC84-4012-AB03-CA09126E47F9}.Debug|x64.Build.0 = Debug|Any CPU
		{4A1E20D7-AC84-4012-AB03-CA09126E47F9}.Debug|x86.ActiveCfg = Debug|Any CPU
		{4A1E20D7-AC84-4012-AB03-CA09126E47F9}.Debug|x86.Build.0 = Debug|Any CPU
		{4A1E20D7-AC84-4012-AB03-CA09126E47F9}.Release|Any CPU.ActiveCfg = Release|Any CPU
		{4A1E20D7-AC84-4012-AB03-CA09126E47F9}.Release|Any CPU.Build.0 = Release|Any CPU
		{4A1E20D7-AC84-4012-AB03-CA09126E47F9}.Release|x64.ActiveCfg = Release|Any CPU
		{4A1E20D7-AC84-4012-AB03-CA09126E47F9}.Release|x64.Build.0 = Release|Any CPU
		{4A1E20D7-AC84-4012-AB03-CA09126E47F9}.Release|x86.ActiveCfg = Release|Any CPU
		{4A1E20D7-AC84-4012-AB03-CA09126E47F9}.Release|x86.Build.0 = Release|Any CPU
		{4A5FE1B1-616E-46B2-9555-57C3C8D268CB}.Debug|Any CPU.ActiveCfg = Debug|Any CPU
		{4A5FE1B1-616E-46B2-9555-57C3C8D268CB}.Debug|Any CPU.Build.0 = Debug|Any CPU
		{4A5FE1B1-616E-46B2-9555-57C3C8D268CB}.Debug|x64.ActiveCfg = Debug|Any CPU
		{4A5FE1B1-616E-46B2-9555-57C3C8D268CB}.Debug|x64.Build.0 = Debug|Any CPU
		{4A5FE1B1-616E-46B2-9555-57C3C8D268CB}.Debug|x86.ActiveCfg = Debug|Any CPU
		{4A5FE1B1-616E-46B2-9555-57C3C8D268CB}.Debug|x86.Build.0 = Debug|Any CPU
		{4A5FE1B1-616E-46B2-9555-57C3C8D268CB}.Release|Any CPU.ActiveCfg = Release|Any CPU
		{4A5FE1B1-616E-46B2-9555-57C3C8D268CB}.Release|Any CPU.Build.0 = Release|Any CPU
		{4A5FE1B1-616E-46B2-9555-57C3C8D268CB}.Release|x64.ActiveCfg = Release|Any CPU
		{4A5FE1B1-616E-46B2-9555-57C3C8D268CB}.Release|x64.Build.0 = Release|Any CPU
		{4A5FE1B1-616E-46B2-9555-57C3C8D268CB}.Release|x86.ActiveCfg = Release|Any CPU
		{4A5FE1B1-616E-46B2-9555-57C3C8D268CB}.Release|x86.Build.0 = Release|Any CPU
		{4F36064D-5323-4B3C-B2CE-1441A7820349}.Debug|Any CPU.ActiveCfg = Debug|Any CPU
		{4F36064D-5323-4B3C-B2CE-1441A7820349}.Debug|Any CPU.Build.0 = Debug|Any CPU
		{4F36064D-5323-4B3C-B2CE-1441A7820349}.Debug|x64.ActiveCfg = Debug|Any CPU
		{4F36064D-5323-4B3C-B2CE-1441A7820349}.Debug|x64.Build.0 = Debug|Any CPU
		{4F36064D-5323-4B3C-B2CE-1441A7820349}.Debug|x86.ActiveCfg = Debug|Any CPU
		{4F36064D-5323-4B3C-B2CE-1441A7820349}.Debug|x86.Build.0 = Debug|Any CPU
		{4F36064D-5323-4B3C-B2CE-1441A7820349}.Release|Any CPU.ActiveCfg = Release|Any CPU
		{4F36064D-5323-4B3C-B2CE-1441A7820349}.Release|Any CPU.Build.0 = Release|Any CPU
		{4F36064D-5323-4B3C-B2CE-1441A7820349}.Release|x64.ActiveCfg = Release|Any CPU
		{4F36064D-5323-4B3C-B2CE-1441A7820349}.Release|x64.Build.0 = Release|Any CPU
		{4F36064D-5323-4B3C-B2CE-1441A7820349}.Release|x86.ActiveCfg = Release|Any CPU
		{4F36064D-5323-4B3C-B2CE-1441A7820349}.Release|x86.Build.0 = Release|Any CPU
		{922726DF-EAB8-476C-98AC-1D0D1DFAB3BE}.Debug|Any CPU.ActiveCfg = Debug|Any CPU
		{922726DF-EAB8-476C-98AC-1D0D1DFAB3BE}.Debug|Any CPU.Build.0 = Debug|Any CPU
		{922726DF-EAB8-476C-98AC-1D0D1DFAB3BE}.Debug|x64.ActiveCfg = Debug|Any CPU
		{922726DF-EAB8-476C-98AC-1D0D1DFAB3BE}.Debug|x64.Build.0 = Debug|Any CPU
		{922726DF-EAB8-476C-98AC-1D0D1DFAB3BE}.Debug|x86.ActiveCfg = Debug|Any CPU
		{922726DF-EAB8-476C-98AC-1D0D1DFAB3BE}.Debug|x86.Build.0 = Debug|Any CPU
		{922726DF-EAB8-476C-98AC-1D0D1DFAB3BE}.Release|Any CPU.ActiveCfg = Release|Any CPU
		{922726DF-EAB8-476C-98AC-1D0D1DFAB3BE}.Release|Any CPU.Build.0 = Release|Any CPU
		{922726DF-EAB8-476C-98AC-1D0D1DFAB3BE}.Release|x64.ActiveCfg = Release|Any CPU
		{922726DF-EAB8-476C-98AC-1D0D1DFAB3BE}.Release|x64.Build.0 = Release|Any CPU
		{922726DF-EAB8-476C-98AC-1D0D1DFAB3BE}.Release|x86.ActiveCfg = Release|Any CPU
		{922726DF-EAB8-476C-98AC-1D0D1DFAB3BE}.Release|x86.Build.0 = Release|Any CPU
		{BE46F3A3-0B8C-4379-83EC-94CFD20CFE7F}.Debug|Any CPU.ActiveCfg = Debug|Any CPU
		{BE46F3A3-0B8C-4379-83EC-94CFD20CFE7F}.Debug|Any CPU.Build.0 = Debug|Any CPU
		{BE46F3A3-0B8C-4379-83EC-94CFD20CFE7F}.Debug|x64.ActiveCfg = Debug|Any CPU
		{BE46F3A3-0B8C-4379-83EC-94CFD20CFE7F}.Debug|x64.Build.0 = Debug|Any CPU
		{BE46F3A3-0B8C-4379-83EC-94CFD20CFE7F}.Debug|x86.ActiveCfg = Debug|Any CPU
		{BE46F3A3-0B8C-4379-83EC-94CFD20CFE7F}.Debug|x86.Build.0 = Debug|Any CPU
		{BE46F3A3-0B8C-4379-83EC-94CFD20CFE7F}.Release|Any CPU.ActiveCfg = Release|Any CPU
		{BE46F3A3-0B8C-4379-83EC-94CFD20CFE7F}.Release|Any CPU.Build.0 = Release|Any CPU
		{BE46F3A3-0B8C-4379-83EC-94CFD20CFE7F}.Release|x64.ActiveCfg = Release|Any CPU
		{BE46F3A3-0B8C-4379-83EC-94CFD20CFE7F}.Release|x64.Build.0 = Release|Any CPU
		{BE46F3A3-0B8C-4379-83EC-94CFD20CFE7F}.Release|x86.ActiveCfg = Release|Any CPU
		{BE46F3A3-0B8C-4379-83EC-94CFD20CFE7F}.Release|x86.Build.0 = Release|Any CPU
		{705637C4-9E55-4EA0-A309-8BA0AAF49A87}.Debug|Any CPU.ActiveCfg = Debug|Any CPU
		{705637C4-9E55-4EA0-A309-8BA0AAF49A87}.Debug|Any CPU.Build.0 = Debug|Any CPU
		{705637C4-9E55-4EA0-A309-8BA0AAF49A87}.Debug|x64.ActiveCfg = Debug|Any CPU
		{705637C4-9E55-4EA0-A309-8BA0AAF49A87}.Debug|x64.Build.0 = Debug|Any CPU
		{705637C4-9E55-4EA0-A309-8BA0AAF49A87}.Debug|x86.ActiveCfg = Debug|Any CPU
		{705637C4-9E55-4EA0-A309-8BA0AAF49A87}.Debug|x86.Build.0 = Debug|Any CPU
		{705637C4-9E55-4EA0-A309-8BA0AAF49A87}.Release|Any CPU.ActiveCfg = Release|Any CPU
		{705637C4-9E55-4EA0-A309-8BA0AAF49A87}.Release|Any CPU.Build.0 = Release|Any CPU
		{705637C4-9E55-4EA0-A309-8BA0AAF49A87}.Release|x64.ActiveCfg = Release|Any CPU
		{705637C4-9E55-4EA0-A309-8BA0AAF49A87}.Release|x64.Build.0 = Release|Any CPU
		{705637C4-9E55-4EA0-A309-8BA0AAF49A87}.Release|x86.ActiveCfg = Release|Any CPU
		{705637C4-9E55-4EA0-A309-8BA0AAF49A87}.Release|x86.Build.0 = Release|Any CPU
		{242F953E-5B16-4A32-A74D-AAC54833FC2B}.Debug|Any CPU.ActiveCfg = Debug|Any CPU
		{242F953E-5B16-4A32-A74D-AAC54833FC2B}.Debug|Any CPU.Build.0 = Debug|Any CPU
		{242F953E-5B16-4A32-A74D-AAC54833FC2B}.Debug|x64.ActiveCfg = Debug|Any CPU
		{242F953E-5B16-4A32-A74D-AAC54833FC2B}.Debug|x64.Build.0 = Debug|Any CPU
		{242F953E-5B16-4A32-A74D-AAC54833FC2B}.Debug|x86.ActiveCfg = Debug|Any CPU
		{242F953E-5B16-4A32-A74D-AAC54833FC2B}.Debug|x86.Build.0 = Debug|Any CPU
		{242F953E-5B16-4A32-A74D-AAC54833FC2B}.Release|Any CPU.ActiveCfg = Release|Any CPU
		{242F953E-5B16-4A32-A74D-AAC54833FC2B}.Release|Any CPU.Build.0 = Release|Any CPU
		{242F953E-5B16-4A32-A74D-AAC54833FC2B}.Release|x64.ActiveCfg = Release|Any CPU
		{242F953E-5B16-4A32-A74D-AAC54833FC2B}.Release|x64.Build.0 = Release|Any CPU
		{242F953E-5B16-4A32-A74D-AAC54833FC2B}.Release|x86.ActiveCfg = Release|Any CPU
		{242F953E-5B16-4A32-A74D-AAC54833FC2B}.Release|x86.Build.0 = Release|Any CPU
		{5CAF24E0-C93F-4EB9-93AE-F271608C82FD}.Debug|Any CPU.ActiveCfg = Debug|Any CPU
		{5CAF24E0-C93F-4EB9-93AE-F271608C82FD}.Debug|Any CPU.Build.0 = Debug|Any CPU
		{5CAF24E0-C93F-4EB9-93AE-F271608C82FD}.Debug|x64.ActiveCfg = Debug|Any CPU
		{5CAF24E0-C93F-4EB9-93AE-F271608C82FD}.Debug|x64.Build.0 = Debug|Any CPU
		{5CAF24E0-C93F-4EB9-93AE-F271608C82FD}.Debug|x86.ActiveCfg = Debug|Any CPU
		{5CAF24E0-C93F-4EB9-93AE-F271608C82FD}.Debug|x86.Build.0 = Debug|Any CPU
		{5CAF24E0-C93F-4EB9-93AE-F271608C82FD}.Release|Any CPU.ActiveCfg = Release|Any CPU
		{5CAF24E0-C93F-4EB9-93AE-F271608C82FD}.Release|Any CPU.Build.0 = Release|Any CPU
		{5CAF24E0-C93F-4EB9-93AE-F271608C82FD}.Release|x64.ActiveCfg = Release|Any CPU
		{5CAF24E0-C93F-4EB9-93AE-F271608C82FD}.Release|x64.Build.0 = Release|Any CPU
		{5CAF24E0-C93F-4EB9-93AE-F271608C82FD}.Release|x86.ActiveCfg = Release|Any CPU
		{5CAF24E0-C93F-4EB9-93AE-F271608C82FD}.Release|x86.Build.0 = Release|Any CPU
		{2B3D3008-7CBD-486B-8FA7-48AF0E2BBE55}.Debug|Any CPU.ActiveCfg = Debug|Any CPU
		{2B3D3008-7CBD-486B-8FA7-48AF0E2BBE55}.Debug|Any CPU.Build.0 = Debug|Any CPU
		{2B3D3008-7CBD-486B-8FA7-48AF0E2BBE55}.Debug|x64.ActiveCfg = Debug|Any CPU
		{2B3D3008-7CBD-486B-8FA7-48AF0E2BBE55}.Debug|x64.Build.0 = Debug|Any CPU
		{2B3D3008-7CBD-486B-8FA7-48AF0E2BBE55}.Debug|x86.ActiveCfg = Debug|Any CPU
		{2B3D3008-7CBD-486B-8FA7-48AF0E2BBE55}.Debug|x86.Build.0 = Debug|Any CPU
		{2B3D3008-7CBD-486B-8FA7-48AF0E2BBE55}.Release|Any CPU.ActiveCfg = Release|Any CPU
		{2B3D3008-7CBD-486B-8FA7-48AF0E2BBE55}.Release|Any CPU.Build.0 = Release|Any CPU
		{2B3D3008-7CBD-486B-8FA7-48AF0E2BBE55}.Release|x64.ActiveCfg = Release|Any CPU
		{2B3D3008-7CBD-486B-8FA7-48AF0E2BBE55}.Release|x64.Build.0 = Release|Any CPU
		{2B3D3008-7CBD-486B-8FA7-48AF0E2BBE55}.Release|x86.ActiveCfg = Release|Any CPU
		{2B3D3008-7CBD-486B-8FA7-48AF0E2BBE55}.Release|x86.Build.0 = Release|Any CPU
	EndGlobalSection
	GlobalSection(SolutionProperties) = preSolution
		HideSolutionNode = FALSE
	EndGlobalSection
	GlobalSection(NestedProjects) = preSolution
		{58D3B1C2-7620-4A09-97D3-B5B02C844A04} = {570C188A-5C53-4CE5-B82C-72E8D6C2F736}
		{E9F6EECA-2C03-4EAD-AA7A-F25ACF02D1C2} = {570C188A-5C53-4CE5-B82C-72E8D6C2F736}
		{5AF81C72-C54A-418F-929C-0C857ED6D547} = {570C188A-5C53-4CE5-B82C-72E8D6C2F736}
		{5EA14C4E-944E-4B30-8955-6062B5090D94} = {570C188A-5C53-4CE5-B82C-72E8D6C2F736}
		{A2B907CC-E254-478C-9D5C-514CA996A36C} = {570C188A-5C53-4CE5-B82C-72E8D6C2F736}
		{A6F1A7AC-1D3E-4D17-A7BA-8A337D1A9BEE} = {570C188A-5C53-4CE5-B82C-72E8D6C2F736}
		{A9A1406B-BF26-4F9D-9B18-39BB0AD61CE3} = {570C188A-5C53-4CE5-B82C-72E8D6C2F736}
		{9CFC79DB-F39F-4D38-8904-4927BDE6CA77} = {570C188A-5C53-4CE5-B82C-72E8D6C2F736}
		{1627EE33-9BDD-456E-B719-A018B7867222} = {570C188A-5C53-4CE5-B82C-72E8D6C2F736}
		{BD5A968B-B54E-4AC6-A983-B4A2A3A6873F} = {570C188A-5C53-4CE5-B82C-72E8D6C2F736}
		{750B1FFF-51AE-416E-A54D-6A9BD8D68055} = {570C188A-5C53-4CE5-B82C-72E8D6C2F736}
		{87D3ADFB-A731-4CA8-9126-9920CDB4D1CB} = {570C188A-5C53-4CE5-B82C-72E8D6C2F736}
		{338E802E-3AC0-4A3D-8B0E-4D83E8DBDB48} = {570C188A-5C53-4CE5-B82C-72E8D6C2F736}
		{4A1E20D7-AC84-4012-AB03-CA09126E47F9} = {570C188A-5C53-4CE5-B82C-72E8D6C2F736}
		{4A5FE1B1-616E-46B2-9555-57C3C8D268CB} = {570C188A-5C53-4CE5-B82C-72E8D6C2F736}
		{4F36064D-5323-4B3C-B2CE-1441A7820349} = {570C188A-5C53-4CE5-B82C-72E8D6C2F736}
		{922726DF-EAB8-476C-98AC-1D0D1DFAB3BE} = {570C188A-5C53-4CE5-B82C-72E8D6C2F736}
		{BE46F3A3-0B8C-4379-83EC-94CFD20CFE7F} = {570C188A-5C53-4CE5-B82C-72E8D6C2F736}
		{705637C4-9E55-4EA0-A309-8BA0AAF49A87} = {570C188A-5C53-4CE5-B82C-72E8D6C2F736}
		{242F953E-5B16-4A32-A74D-AAC54833FC2B} = {570C188A-5C53-4CE5-B82C-72E8D6C2F736}
		{5CAF24E0-C93F-4EB9-93AE-F271608C82FD} = {570C188A-5C53-4CE5-B82C-72E8D6C2F736}
		{2B3D3008-7CBD-486B-8FA7-48AF0E2BBE55} = {570C188A-5C53-4CE5-B82C-72E8D6C2F736}
	EndGlobalSection
	GlobalSection(ExtensibilityGlobals) = postSolution
		SolutionGuid = {8244363C-631B-4536-B301-2A8834852734}
	EndGlobalSection
EndGlobal
